
Microsoft Visual Studio Solution File, Format Version 12.00
# Visual Studio Version 16
VisualStudioVersion = 16.0.30907.101
MinimumVisualStudioVersion = 10.0.40219.1
Project("{FAE04EC0-301F-11D3-BF4B-00C04F79EFBC}") = "dt102g_moment2", "dt102g_moment2.csproj", "{F26D2CE0-7979-4B97-B6B3-5EAD709BDF4B}"
EndProject
Global
	GlobalSection(SolutionConfigurationPlatforms) = preSolution
		Debug|Any CPU = Debug|Any CPU
		Release|Any CPU = Release|Any CPU
	EndGlobalSection
	GlobalSection(ProjectConfigurationPlatforms) = postSolution
		{F26D2CE0-7979-4B97-B6B3-5EAD709BDF4B}.Debug|Any CPU.ActiveCfg = Debug|Any CPU
		{F26D2CE0-7979-4B97-B6B3-5EAD709BDF4B}.Debug|Any CPU.Build.0 = Debug|Any CPU
		{F26D2CE0-7979-4B97-B6B3-5EAD709BDF4B}.Release|Any CPU.ActiveCfg = Release|Any CPU
		{F26D2CE0-7979-4B97-B6B3-5EAD709BDF4B}.Release|Any CPU.Build.0 = Release|Any CPU
	EndGlobalSection
	GlobalSection(SolutionProperties) = preSolution
		HideSolutionNode = FALSE
	EndGlobalSection
	GlobalSection(ExtensibilityGlobals) = postSolution
		SolutionGuid = {D23525AF-1162-453F-BC70-E7220AFF420C}
	EndGlobalSection
EndGlobal
